
Microsoft Visual Studio Solution File, Format Version 12.00
Project("{FAE04EC0-301F-11D3-BF4B-00C04F79EFBC}") = "GoldDiff", "GoldDiff\GoldDiff.csproj", "{139ACFB3-39D8-4F28-999E-763C56D6B0BB}"
EndProject
Project("{FAE04EC0-301F-11D3-BF4B-00C04F79EFBC}") = "GoldDiff.Shared", "GoldDiff.Shared\GoldDiff.Shared.csproj", "{F1491585-01B6-46A0-A72C-89E73A436DCE}"
EndProject
Project("{FAE04EC0-301F-11D3-BF4B-00C04F79EFBC}") = "GoldDiff.LeagueOfLegends.ClientApi", "GoldDiff.LeagueOfLegends.ClientApi\GoldDiff.LeagueOfLegends.ClientApi.csproj", "{60CCB9F2-29D2-4204-A516-528CD98CA894}"
EndProject
Project("{FAE04EC0-301F-11D3-BF4B-00C04F79EFBC}") = "GoldDiff.LeagueOfLegends.RemoteApi", "GoldDiff.LeagueOfLegends.RemoteApi\GoldDiff.LeagueOfLegends.RemoteApi.csproj", "{1A3DA65E-5BF1-4625-8BF4-F90DE94B65C5}"
EndProject
Project("{2150E333-8FDC-42A3-9474-1A3956D46DE8}") = "Test", "Test", "{CD54C186-F170-48A7-82F6-56F2D9CA17FE}"
EndProject
Project("{FAE04EC0-301F-11D3-BF4B-00C04F79EFBC}") = "Test.GoldDiff.LeagueOfLegends.ClientApi", "Test\Test.GoldDiff.LeagueOfLegends.ClientApi\Test.GoldDiff.LeagueOfLegends.ClientApi.csproj", "{E946904D-5FE3-479E-A9BB-99DEDC41D46F}"
EndProject
Project("{FAE04EC0-301F-11D3-BF4B-00C04F79EFBC}") = "Test.GoldDiff.Shared", "Test\Test.GoldDiff.Shared\Test.GoldDiff.Shared.csproj", "{6B419FDF-0830-4FDC-8D22-D3DB5C739C55}"
EndProject
Project("{FAE04EC0-301F-11D3-BF4B-00C04F79EFBC}") = "GoldDiff.Playground", "GoldDiff.Playground\GoldDiff.Playground.csproj", "{93E6339B-6A08-4EEE-B448-74CA734A420C}"
EndProject
Project("{FAE04EC0-301F-11D3-BF4B-00C04F79EFBC}") = "Test.GoldDiff", "Test\Test.GoldDiff\Test.GoldDiff.csproj", "{9E040F5C-ECC7-4810-A0FF-7F4DA9915099}"
EndProject
Global
	GlobalSection(SolutionConfigurationPlatforms) = preSolution
		Debug|Any CPU = Debug|Any CPU
		Release|Any CPU = Release|Any CPU
	EndGlobalSection
	GlobalSection(ProjectConfigurationPlatforms) = postSolution
		{139ACFB3-39D8-4F28-999E-763C56D6B0BB}.Debug|Any CPU.ActiveCfg = Debug|Any CPU
		{139ACFB3-39D8-4F28-999E-763C56D6B0BB}.Debug|Any CPU.Build.0 = Debug|Any CPU
		{139ACFB3-39D8-4F28-999E-763C56D6B0BB}.Release|Any CPU.ActiveCfg = Release|Any CPU
		{139ACFB3-39D8-4F28-999E-763C56D6B0BB}.Release|Any CPU.Build.0 = Release|Any CPU
		{F1491585-01B6-46A0-A72C-89E73A436DCE}.Debug|Any CPU.ActiveCfg = Debug|Any CPU
		{F1491585-01B6-46A0-A72C-89E73A436DCE}.Debug|Any CPU.Build.0 = Debug|Any CPU
		{F1491585-01B6-46A0-A72C-89E73A436DCE}.Release|Any CPU.ActiveCfg = Release|Any CPU
		{F1491585-01B6-46A0-A72C-89E73A436DCE}.Release|Any CPU.Build.0 = Release|Any CPU
		{60CCB9F2-29D2-4204-A516-528CD98CA894}.Debug|Any CPU.ActiveCfg = Debug|Any CPU
		{60CCB9F2-29D2-4204-A516-528CD98CA894}.Debug|Any CPU.Build.0 = Debug|Any CPU
		{60CCB9F2-29D2-4204-A516-528CD98CA894}.Release|Any CPU.ActiveCfg = Release|Any CPU
		{60CCB9F2-29D2-4204-A516-528CD98CA894}.Release|Any CPU.Build.0 = Release|Any CPU
		{1A3DA65E-5BF1-4625-8BF4-F90DE94B65C5}.Debug|Any CPU.ActiveCfg = Debug|Any CPU
		{1A3DA65E-5BF1-4625-8BF4-F90DE94B65C5}.Debug|Any CPU.Build.0 = Debug|Any CPU
		{1A3DA65E-5BF1-4625-8BF4-F90DE94B65C5}.Release|Any CPU.ActiveCfg = Release|Any CPU
		{1A3DA65E-5BF1-4625-8BF4-F90DE94B65C5}.Release|Any CPU.Build.0 = Release|Any CPU
		{E946904D-5FE3-479E-A9BB-99DEDC41D46F}.Debug|Any CPU.ActiveCfg = Debug|Any CPU
		{E946904D-5FE3-479E-A9BB-99DEDC41D46F}.Debug|Any CPU.Build.0 = Debug|Any CPU
		{E946904D-5FE3-479E-A9BB-99DEDC41D46F}.Release|Any CPU.ActiveCfg = Release|Any CPU
		{E946904D-5FE3-479E-A9BB-99DEDC41D46F}.Release|Any CPU.Build.0 = Release|Any CPU
		{6B419FDF-0830-4FDC-8D22-D3DB5C739C55}.Debug|Any CPU.ActiveCfg = Debug|Any CPU
		{6B419FDF-0830-4FDC-8D22-D3DB5C739C55}.Debug|Any CPU.Build.0 = Debug|Any CPU
		{6B419FDF-0830-4FDC-8D22-D3DB5C739C55}.Release|Any CPU.ActiveCfg = Release|Any CPU
		{6B419FDF-0830-4FDC-8D22-D3DB5C739C55}.Release|Any CPU.Build.0 = Release|Any CPU
		{93E6339B-6A08-4EEE-B448-74CA734A420C}.Debug|Any CPU.ActiveCfg = Debug|Any CPU
		{93E6339B-6A08-4EEE-B448-74CA734A420C}.Debug|Any CPU.Build.0 = Debug|Any CPU
		{93E6339B-6A08-4EEE-B448-74CA734A420C}.Release|Any CPU.ActiveCfg = Release|Any CPU
		{93E6339B-6A08-4EEE-B448-74CA734A420C}.Release|Any CPU.Build.0 = Release|Any CPU
		{9E040F5C-ECC7-4810-A0FF-7F4DA9915099}.Debug|Any CPU.ActiveCfg = Debug|Any CPU
		{9E040F5C-ECC7-4810-A0FF-7F4DA9915099}.Debug|Any CPU.Build.0 = Debug|Any CPU
		{9E040F5C-ECC7-4810-A0FF-7F4DA9915099}.Release|Any CPU.ActiveCfg = Release|Any CPU
		{9E040F5C-ECC7-4810-A0FF-7F4DA9915099}.Release|Any CPU.Build.0 = Release|Any CPU
	EndGlobalSection
	GlobalSection(NestedProjects) = preSolution
		{E946904D-5FE3-479E-A9BB-99DEDC41D46F} = {CD54C186-F170-48A7-82F6-56F2D9CA17FE}
		{6B419FDF-0830-4FDC-8D22-D3DB5C739C55} = {CD54C186-F170-48A7-82F6-56F2D9CA17FE}
		{9E040F5C-ECC7-4810-A0FF-7F4DA9915099} = {CD54C186-F170-48A7-82F6-56F2D9CA17FE}
	EndGlobalSection
EndGlobal
