
Microsoft Visual Studio Solution File, Format Version 12.00
Project("{FAE04EC0-301F-11D3-BF4B-00C04F79EFBC}") = "GoldDiff", "GoldDiff\GoldDiff.csproj", "{139ACFB3-39D8-4F28-999E-763C56D6B0BB}"
EndProject
Global
	GlobalSection(SolutionConfigurationPlatforms) = preSolution
		Debug|Any CPU = Debug|Any CPU
		Release|Any CPU = Release|Any CPU
	EndGlobalSection
	GlobalSection(ProjectConfigurationPlatforms) = postSolution
		{139ACFB3-39D8-4F28-999E-763C56D6B0BB}.Debug|Any CPU.ActiveCfg = Debug|Any CPU
		{139ACFB3-39D8-4F28-999E-763C56D6B0BB}.Debug|Any CPU.Build.0 = Debug|Any CPU
		{139ACFB3-39D8-4F28-999E-763C56D6B0BB}.Release|Any CPU.ActiveCfg = Release|Any CPU
		{139ACFB3-39D8-4F28-999E-763C56D6B0BB}.Release|Any CPU.Build.0 = Release|Any CPU
	EndGlobalSection
EndGlobal
