
Microsoft Visual Studio Solution File, Format Version 12.00
# Visual Studio Version 16
VisualStudioVersion = 16.0.30709.132
MinimumVisualStudioVersion = 10.0.40219.1
Project("{2150E333-8FDC-42A3-9474-1A3956D46DE8}") = "Test", "Test", "{CD54C186-F170-48A7-82F6-56F2D9CA17FE}"
EndProject
Project("{9A19103F-16F7-4668-BE54-9A1E7A4F7556}") = "FlatXaml", "FlatXaml\FlatXaml\FlatXaml.csproj", "{F9200856-6A7F-4094-BA77-4DDACA35CD69}"
EndProject
Project("{FAE04EC0-301F-11D3-BF4B-00C04F79EFBC}") = "GoldDiff.Shared", "GoldDiff.Shared\GoldDiff.Shared.csproj", "{BBDB95E4-9C15-4604-A120-2D2B56FCA229}"
EndProject
Project("{FAE04EC0-301F-11D3-BF4B-00C04F79EFBC}") = "GoldDiff.LeagueOfLegends.RemoteApi", "GoldDiff.LeagueOfLegends.RemoteApi\GoldDiff.LeagueOfLegends.RemoteApi.csproj", "{FE63B67D-B9DA-41A2-9F7B-C5452D4E1421}"
EndProject
Project("{FAE04EC0-301F-11D3-BF4B-00C04F79EFBC}") = "GoldDiff.LeagueOfLegends.ClientApi", "GoldDiff.LeagueOfLegends.ClientApi\GoldDiff.LeagueOfLegends.ClientApi.csproj", "{BF5924E8-23F6-4216-AA89-683527B94483}"
EndProject
Project("{FAE04EC0-301F-11D3-BF4B-00C04F79EFBC}") = "Test.GoldDiff.LeagueOfLegends.ClientApi", "Test\Test.GoldDiff.LeagueOfLegends.ClientApi\Test.GoldDiff.LeagueOfLegends.ClientApi.csproj", "{9AB84375-9633-4D9B-8054-CF761CBCC30E}"
EndProject
Project("{FAE04EC0-301F-11D3-BF4B-00C04F79EFBC}") = "GoldDiff", "GoldDiff\GoldDiff.csproj", "{27B31BED-EBEB-4BF2-BE5B-E0992AF7EDEA}"
EndProject
Global
	GlobalSection(SolutionConfigurationPlatforms) = preSolution
		Debug|Any CPU = Debug|Any CPU
		Release|Any CPU = Release|Any CPU
	EndGlobalSection
	GlobalSection(ProjectConfigurationPlatforms) = postSolution
		{F9200856-6A7F-4094-BA77-4DDACA35CD69}.Debug|Any CPU.ActiveCfg = Debug|Any CPU
		{F9200856-6A7F-4094-BA77-4DDACA35CD69}.Debug|Any CPU.Build.0 = Debug|Any CPU
		{F9200856-6A7F-4094-BA77-4DDACA35CD69}.Release|Any CPU.ActiveCfg = Release|Any CPU
		{F9200856-6A7F-4094-BA77-4DDACA35CD69}.Release|Any CPU.Build.0 = Release|Any CPU
		{BBDB95E4-9C15-4604-A120-2D2B56FCA229}.Debug|Any CPU.ActiveCfg = Debug|Any CPU
		{BBDB95E4-9C15-4604-A120-2D2B56FCA229}.Debug|Any CPU.Build.0 = Debug|Any CPU
		{BBDB95E4-9C15-4604-A120-2D2B56FCA229}.Release|Any CPU.ActiveCfg = Release|Any CPU
		{BBDB95E4-9C15-4604-A120-2D2B56FCA229}.Release|Any CPU.Build.0 = Release|Any CPU
		{FE63B67D-B9DA-41A2-9F7B-C5452D4E1421}.Debug|Any CPU.ActiveCfg = Debug|Any CPU
		{FE63B67D-B9DA-41A2-9F7B-C5452D4E1421}.Debug|Any CPU.Build.0 = Debug|Any CPU
		{FE63B67D-B9DA-41A2-9F7B-C5452D4E1421}.Release|Any CPU.ActiveCfg = Release|Any CPU
		{FE63B67D-B9DA-41A2-9F7B-C5452D4E1421}.Release|Any CPU.Build.0 = Release|Any CPU
		{BF5924E8-23F6-4216-AA89-683527B94483}.Debug|Any CPU.ActiveCfg = Debug|Any CPU
		{BF5924E8-23F6-4216-AA89-683527B94483}.Debug|Any CPU.Build.0 = Debug|Any CPU
		{BF5924E8-23F6-4216-AA89-683527B94483}.Release|Any CPU.ActiveCfg = Release|Any CPU
		{BF5924E8-23F6-4216-AA89-683527B94483}.Release|Any CPU.Build.0 = Release|Any CPU
		{9AB84375-9633-4D9B-8054-CF761CBCC30E}.Debug|Any CPU.ActiveCfg = Debug|Any CPU
		{9AB84375-9633-4D9B-8054-CF761CBCC30E}.Debug|Any CPU.Build.0 = Debug|Any CPU
		{9AB84375-9633-4D9B-8054-CF761CBCC30E}.Release|Any CPU.ActiveCfg = Release|Any CPU
		{9AB84375-9633-4D9B-8054-CF761CBCC30E}.Release|Any CPU.Build.0 = Release|Any CPU
		{27B31BED-EBEB-4BF2-BE5B-E0992AF7EDEA}.Debug|Any CPU.ActiveCfg = Debug|Any CPU
		{27B31BED-EBEB-4BF2-BE5B-E0992AF7EDEA}.Debug|Any CPU.Build.0 = Debug|Any CPU
		{27B31BED-EBEB-4BF2-BE5B-E0992AF7EDEA}.Release|Any CPU.ActiveCfg = Release|Any CPU
		{27B31BED-EBEB-4BF2-BE5B-E0992AF7EDEA}.Release|Any CPU.Build.0 = Release|Any CPU
	EndGlobalSection
	GlobalSection(SolutionProperties) = preSolution
		HideSolutionNode = FALSE
	EndGlobalSection
	GlobalSection(NestedProjects) = preSolution
		{9AB84375-9633-4D9B-8054-CF761CBCC30E} = {CD54C186-F170-48A7-82F6-56F2D9CA17FE}
	EndGlobalSection
	GlobalSection(ExtensibilityGlobals) = postSolution
		SolutionGuid = {64C848BD-DF62-4EAE-9FBD-911D366C166F}
	EndGlobalSection
EndGlobal
